
Microsoft Visual Studio Solution File, Format Version 12.00
# Visual Studio Version 17
VisualStudioVersion = 17.10.35013.160
MinimumVisualStudioVersion = 10.0.40219.1
Project("{FAE04EC0-301F-11D3-BF4B-00C04F79EFBC}") = "ECommerce-WebApp", "ECommerce-WebApp.csproj", "{73F9D794-8A1C-4CFE-8809-80BBF63388F9}"
EndProject
Global
	GlobalSection(SolutionConfigurationPlatforms) = preSolution
		Debug|Any CPU = Debug|Any CPU
		Release|Any CPU = Release|Any CPU
	EndGlobalSection
	GlobalSection(ProjectConfigurationPlatforms) = postSolution
		{73F9D794-8A1C-4CFE-8809-80BBF63388F9}.Debug|Any CPU.ActiveCfg = Debug|Any CPU
		{73F9D794-8A1C-4CFE-8809-80BBF63388F9}.Debug|Any CPU.Build.0 = Debug|Any CPU
		{73F9D794-8A1C-4CFE-8809-80BBF63388F9}.Release|Any CPU.ActiveCfg = Release|Any CPU
		{73F9D794-8A1C-4CFE-8809-80BBF63388F9}.Release|Any CPU.Build.0 = Release|Any CPU
	EndGlobalSection
	GlobalSection(SolutionProperties) = preSolution
		HideSolutionNode = FALSE
	EndGlobalSection
	GlobalSection(ExtensibilityGlobals) = postSolution
		SolutionGuid = {463D04FA-DFBA-49E2-9E87-FDFC98209C95}
	EndGlobalSection
EndGlobal
